// !$*UTF8*$!
{
	archiveVersion = 1;
	classes = {
	};
	objectVersion = 46;
	objects = {

/* Begin PBXBuildFile section */
		87794E931B5A924A000C78D4 /* main.m in Sources */ = {isa = PBXBuildFile; fileRef = 87794E921B5A924A000C78D4 /* main.m */; };
		87794E961B5A924A000C78D4 /* AppDelegate.m in Sources */ = {isa = PBXBuildFile; fileRef = 87794E951B5A924A000C78D4 /* AppDelegate.m */; };
		87794E9E1B5A924A000C78D4 /* Images.xcassets in Resources */ = {isa = PBXBuildFile; fileRef = 87794E9D1B5A924A000C78D4 /* Images.xcassets */; };
		87794EA11B5A924B000C78D4 /* LaunchScreen.xib in Resources */ = {isa = PBXBuildFile; fileRef = 87794E9F1B5A924B000C78D4 /* LaunchScreen.xib */; };
		87794EAD1B5A924B000C78D4 /* Dem4_Pass_Value_Back_2Tests.m in Sources */ = {isa = PBXBuildFile; fileRef = 87794EAC1B5A924B000C78D4 /* Dem4_Pass_Value_Back_2Tests.m */; };
		87794EB91B5A9265000C78D4 /* AViewController.m in Sources */ = {isa = PBXBuildFile; fileRef = 87794EB71B5A9265000C78D4 /* AViewController.m */; };
		87794EBA1B5A9265000C78D4 /* AViewController.xib in Resources */ = {isa = PBXBuildFile; fileRef = 87794EB81B5A9265000C78D4 /* AViewController.xib */; };
		87794EBE1B5A9270000C78D4 /* BViewController.m in Sources */ = {isa = PBXBuildFile; fileRef = 87794EBC1B5A9270000C78D4 /* BViewController.m */; };
		87794EBF1B5A9270000C78D4 /* BViewController.xib in Resources */ = {isa = PBXBuildFile; fileRef = 87794EBD1B5A9270000C78D4 /* BViewController.xib */; };
/* End PBXBuildFile section */

/* Begin PBXContainerItemProxy section */
		87794EA71B5A924B000C78D4 /* PBXContainerItemProxy */ = {
			isa = PBXContainerItemProxy;
			containerPortal = 87794E851B5A924A000C78D4 /* Project object */;
			proxyType = 1;
			remoteGlobalIDString = 87794E8C1B5A924A000C78D4;
			remoteInfo = Dem4_Pass_Value_Back_2;
		};
/* End PBXContainerItemProxy section */

/* Begin PBXFileReference section */
		87794E8D1B5A924A000C78D4 /* Dem4_Pass_Value_Back_2.app */ = {isa = PBXFileReference; explicitFileType = wrapper.application; includeInIndex = 0; path = Dem4_Pass_Value_Back_2.app; sourceTree = BUILT_PRODUCTS_DIR; };
		87794E911B5A924A000C78D4 /* Info.plist */ = {isa = PBXFileReference; lastKnownFileType = text.plist.xml; path = Info.plist; sourceTree = "<group>"; };
		87794E921B5A924A000C78D4 /* main.m */ = {isa = PBXFileReference; lastKnownFileType = sourcecode.c.objc; path = main.m; sourceTree = "<group>"; };
		87794E941B5A924A000C78D4 /* AppDelegate.h */ = {isa = PBXFileReference; lastKnownFileType = sourcecode.c.h; path = AppDelegate.h; sourceTree = "<group>"; };
		87794E951B5A924A000C78D4 /* AppDelegate.m */ = {isa = PBXFileReference; lastKnownFileType = sourcecode.c.objc; path = AppDelegate.m; sourceTree = "<group>"; };
		87794E9D1B5A924A000C78D4 /* Images.xcassets */ = {isa = PBXFileReference; lastKnownFileType = folder.assetcatalog; path = Images.xcassets; sourceTree = "<group>"; };
		87794EA01B5A924B000C78D4 /* Base */ = {isa = PBXFileReference; lastKnownFileType = file.xib; name = Base; path = Base.lproj/LaunchScreen.xib; sourceTree = "<group>"; };
		87794EA61B5A924B000C78D4 /* Dem4_Pass_Value_Back_2Tests.xctest */ = {isa = PBXFileReference; explicitFileType = wrapper.cfbundle; includeInIndex = 0; path = Dem4_Pass_Value_Back_2Tests.xctest; sourceTree = BUILT_PRODUCTS_DIR; };
		87794EAB1B5A924B000C78D4 /* Info.plist */ = {isa = PBXFileReference; lastKnownFileType = text.plist.xml; path = Info.plist; sourceTree = "<group>"; };
		87794EAC1B5A924B000C78D4 /* Dem4_Pass_Value_Back_2Tests.m */ = {isa = PBXFileReference; lastKnownFileType = sourcecode.c.objc; path = Dem4_Pass_Value_Back_2Tests.m; sourceTree = "<group>"; };
		87794EB61B5A9265000C78D4 /* AViewController.h */ = {isa = PBXFileReference; fileEncoding = 4; lastKnownFileType = sourcecode.c.h; path = AViewController.h; sourceTree = "<group>"; };
		87794EB71B5A9265000C78D4 /* AViewController.m */ = {isa = PBXFileReference; fileEncoding = 4; lastKnownFileType = sourcecode.c.objc; path = AViewController.m; sourceTree = "<group>"; };
		87794EB81B5A9265000C78D4 /* AViewController.xib */ = {isa = PBXFileReference; fileEncoding = 4; lastKnownFileType = file.xib; path = AViewController.xib; sourceTree = "<group>"; };
		87794EBB1B5A9270000C78D4 /* BViewController.h */ = {isa = PBXFileReference; fileEncoding = 4; lastKnownFileType = sourcecode.c.h; path = BViewController.h; sourceTree = "<group>"; };
		87794EBC1B5A9270000C78D4 /* BViewController.m */ = {isa = PBXFileReference; fileEncoding = 4; lastKnownFileType = sourcecode.c.objc; path = BViewController.m; sourceTree = "<group>"; };
		87794EBD1B5A9270000C78D4 /* BViewController.xib */ = {isa = PBXFileReference; fileEncoding = 4; lastKnownFileType = file.xib; path = BViewController.xib; sourceTree = "<group>"; };
/* End PBXFileReference section */

/* Begin PBXFrameworksBuildPhase section */
		87794E8A1B5A924A000C78D4 /* Frameworks */ = {
			isa = PBXFrameworksBuildPhase;
			buildActionMask = 2147483647;
			files = (
			);
			runOnlyForDeploymentPostprocessing = 0;
		};
		87794EA31B5A924B000C78D4 /* Frameworks */ = {
			isa = PBXFrameworksBuildPhase;
			buildActionMask = 2147483647;
			files = (
			);
			runOnlyForDeploymentPostprocessing = 0;
		};
/* End PBXFrameworksBuildPhase section */

/* Begin PBXGroup section */
		87794E841B5A924A000C78D4 = {
			isa = PBXGroup;
			children = (
				87794E8F1B5A924A000C78D4 /* Dem4_Pass_Value_Back_2 */,
				87794EA91B5A924B000C78D4 /* Dem4_Pass_Value_Back_2Tests */,
				87794E8E1B5A924A000C78D4 /* Products */,
			);
			sourceTree = "<group>";
		};
		87794E8E1B5A924A000C78D4 /* Products */ = {
			isa = PBXGroup;
			children = (
				87794E8D1B5A924A000C78D4 /* Dem4_Pass_Value_Back_2.app */,
				87794EA61B5A924B000C78D4 /* Dem4_Pass_Value_Back_2Tests.xctest */,
			);
			name = Products;
			sourceTree = "<group>";
		};
		87794E8F1B5A924A000C78D4 /* Dem4_Pass_Value_Back_2 */ = {
			isa = PBXGroup;
			children = (
				87794E941B5A924A000C78D4 /* AppDelegate.h */,
				87794E951B5A924A000C78D4 /* AppDelegate.m */,
				87794EB61B5A9265000C78D4 /* AViewController.h */,
				87794EB71B5A9265000C78D4 /* AViewController.m */,
				87794EB81B5A9265000C78D4 /* AViewController.xib */,
				87794EBB1B5A9270000C78D4 /* BViewController.h */,
				87794EBC1B5A9270000C78D4 /* BViewController.m */,
				87794EBD1B5A9270000C78D4 /* BViewController.xib */,
				87794E9D1B5A924A000C78D4 /* Images.xcassets */,
				87794E9F1B5A924B000C78D4 /* LaunchScreen.xib */,
				87794E901B5A924A000C78D4 /* Supporting Files */,
			);
			path = Dem4_Pass_Value_Back_2;
			sourceTree = "<group>";
		};
		87794E901B5A924A000C78D4 /* Supporting Files */ = {
			isa = PBXGroup;
			children = (
				87794E911B5A924A000C78D4 /* Info.plist */,
				87794E921B5A924A000C78D4 /* main.m */,
			);
			name = "Supporting Files";
			sourceTree = "<group>";
		};
		87794EA91B5A924B000C78D4 /* Dem4_Pass_Value_Back_2Tests */ = {
			isa = PBXGroup;
			children = (
				87794EAC1B5A924B000C78D4 /* Dem4_Pass_Value_Back_2Tests.m */,
				87794EAA1B5A924B000C78D4 /* Supporting Files */,
			);
			path = Dem4_Pass_Value_Back_2Tests;
			sourceTree = "<group>";
		};
		87794EAA1B5A924B000C78D4 /* Supporting Files */ = {
			isa = PBXGroup;
			children = (
				87794EAB1B5A924B000C78D4 /* Info.plist */,
			);
			name = "Supporting Files";
			sourceTree = "<group>";
		};
/* End PBXGroup section */

/* Begin PBXNativeTarget section */
		87794E8C1B5A924A000C78D4 /* Dem4_Pass_Value_Back_2 */ = {
			isa = PBXNativeTarget;
			buildConfigurationList = 87794EB01B5A924B000C78D4 /* Build configuration list for PBXNativeTarget "Dem4_Pass_Value_Back_2" */;
			buildPhases = (
				87794E891B5A924A000C78D4 /* Sources */,
				87794E8A1B5A924A000C78D4 /* Frameworks */,
				87794E8B1B5A924A000C78D4 /* Resources */,
			);
			buildRules = (
			);
			dependencies = (
			);
			name = Dem4_Pass_Value_Back_2;
			productName = Dem4_Pass_Value_Back_2;
			productReference = 87794E8D1B5A924A000C78D4 /* Dem4_Pass_Value_Back_2.app */;
			productType = "com.apple.product-type.application";
		};
		87794EA51B5A924B000C78D4 /* Dem4_Pass_Value_Back_2Tests */ = {
			isa = PBXNativeTarget;
			buildConfigurationList = 87794EB31B5A924B000C78D4 /* Build configuration list for PBXNativeTarget "Dem4_Pass_Value_Back_2Tests" */;
			buildPhases = (
				87794EA21B5A924B000C78D4 /* Sources */,
				87794EA31B5A924B000C78D4 /* Frameworks */,
				87794EA41B5A924B000C78D4 /* Resources */,
			);
			buildRules = (
			);
			dependencies = (
				87794EA81B5A924B000C78D4 /* PBXTargetDependency */,
			);
			name = Dem4_Pass_Value_Back_2Tests;
			productName = Dem4_Pass_Value_Back_2Tests;
			productReference = 87794EA61B5A924B000C78D4 /* Dem4_Pass_Value_Back_2Tests.xctest */;
			productType = "com.apple.product-type.bundle.unit-test";
		};
/* End PBXNativeTarget section */

/* Begin PBXProject section */
		87794E851B5A924A000C78D4 /* Project object */ = {
			isa = PBXProject;
			attributes = {
				LastUpgradeCheck = 0630;
				ORGANIZATIONNAME = chairman;
				TargetAttributes = {
					87794E8C1B5A924A000C78D4 = {
						CreatedOnToolsVersion = 6.3.2;
					};
					87794EA51B5A924B000C78D4 = {
						CreatedOnToolsVersion = 6.3.2;
						TestTargetID = 87794E8C1B5A924A000C78D4;
					};
				};
			};
			buildConfigurationList = 87794E881B5A924A000C78D4 /* Build configuration list for PBXProject "Dem4_Pass_Value_Back_2" */;
			compatibilityVersion = "Xcode 3.2";
			developmentRegion = English;
			hasScannedForEncodings = 0;
			knownRegions = (
				en,
				Base,
			);
			mainGroup = 87794E841B5A924A000C78D4;
			productRefGroup = 87794E8E1B5A924A000C78D4 /* Products */;
			projectDirPath = "";
			projectRoot = "";
			targets = (
				87794E8C1B5A924A000C78D4 /* Dem4_Pass_Value_Back_2 */,
				87794EA51B5A924B000C78D4 /* Dem4_Pass_Value_Back_2Tests */,
			);
		};
/* End PBXProject section */

/* Begin PBXResourcesBuildPhase section */
		87794E8B1B5A924A000C78D4 /* Resources */ = {
			isa = PBXResourcesBuildPhase;
			buildActionMask = 2147483647;
			files = (
				87794EBA1B5A9265000C78D4 /* AViewController.xib in Resources */,
				87794EBF1B5A9270000C78D4 /* BViewController.xib in Resources */,
				87794EA11B5A924B000C78D4 /* LaunchScreen.xib in Resources */,
				87794E9E1B5A924A000C78D4 /* Images.xcassets in Resources */,
			);
			runOnlyForDeploymentPostprocessing = 0;
		};
		87794EA41B5A924B000C78D4 /* Resources */ = {
			isa = PBXResourcesBuildPhase;
			buildActionMask = 2147483647;
			files = (
			);
			runOnlyForDeploymentPostprocessing = 0;
		};
/* End PBXResourcesBuildPhase section */

/* Begin PBXSourcesBuildPhase section */
		87794E891B5A924A000C78D4 /* Sources */ = {
			isa = PBXSourcesBuildPhase;
			buildActionMask = 2147483647;
			files = (
				87794EB91B5A9265000C78D4 /* AViewController.m in Sources */,
				87794EBE1B5A9270000C78D4 /* BViewController.m in Sources */,
				87794E961B5A924A000C78D4 /* AppDelegate.m in Sources */,
				87794E931B5A924A000C78D4 /* main.m in Sources */,
			);
			runOnlyForDeploymentPostprocessing = 0;
		};
		87794EA21B5A924B000C78D4 /* Sources */ = {
			isa = PBXSourcesBuildPhase;
			buildActionMask = 2147483647;
			files = (
				87794EAD1B5A924B000C78D4 /* Dem4_Pass_Value_Back_2Tests.m in Sources */,
			);
			runOnlyForDeploymentPostprocessing = 0;
		};
/* End PBXSourcesBuildPhase section */

/* Begin PBXTargetDependency section */
		87794EA81B5A924B000C78D4 /* PBXTargetDependency */ = {
			isa = PBXTargetDependency;
			target = 87794E8C1B5A924A000C78D4 /* Dem4_Pass_Value_Back_2 */;
			targetProxy = 87794EA71B5A924B000C78D4 /* PBXContainerItemProxy */;
		};
/* End PBXTargetDependency section */

/* Begin PBXVariantGroup section */
		87794E9F1B5A924B000C78D4 /* LaunchScreen.xib */ = {
			isa = PBXVariantGroup;
			children = (
				87794EA01B5A924B000C78D4 /* Base */,
			);
			name = LaunchScreen.xib;
			sourceTree = "<group>";
		};
/* End PBXVariantGroup section */

/* Begin XCBuildConfiguration section */
		87794EAE1B5A924B000C78D4 /* Debug */ = {
			isa = XCBuildConfiguration;
			buildSettings = {
				ALWAYS_SEARCH_USER_PATHS = NO;
				CLANG_CXX_LANGUAGE_STANDARD = "gnu++0x";
				CLANG_CXX_LIBRARY = "libc++";
				CLANG_ENABLE_MODULES = YES;
				CLANG_ENABLE_OBJC_ARC = YES;
				CLANG_WARN_BOOL_CONVERSION = YES;
				CLANG_WARN_CONSTANT_CONVERSION = YES;
				CLANG_WARN_DIRECT_OBJC_ISA_USAGE = YES_ERROR;
				CLANG_WARN_EMPTY_BODY = YES;
				CLANG_WARN_ENUM_CONVERSION = YES;
				CLANG_WARN_INT_CONVERSION = YES;
				CLANG_WARN_OBJC_ROOT_CLASS = YES_ERROR;
				CLANG_WARN_UNREACHABLE_CODE = YES;
				CLANG_WARN__DUPLICATE_METHOD_MATCH = YES;
				"CODE_SIGN_IDENTITY[sdk=iphoneos*]" = "iPhone Developer";
				COPY_PHASE_STRIP = NO;
				DEBUG_INFORMATION_FORMAT = "dwarf-with-dsym";
				ENABLE_STRICT_OBJC_MSGSEND = YES;
				GCC_C_LANGUAGE_STANDARD = gnu99;
				GCC_DYNAMIC_NO_PIC = NO;
				GCC_NO_COMMON_BLOCKS = YES;
				GCC_OPTIMIZATION_LEVEL = 0;
				GCC_PREPROCESSOR_DEFINITIONS = (
					"DEBUG=1",
					"$(inherited)",
				);
				GCC_SYMBOLS_PRIVATE_EXTERN = NO;
				GCC_WARN_64_TO_32_BIT_CONVERSION = YES;
				GCC_WARN_ABOUT_RETURN_TYPE = YES_ERROR;
				GCC_WARN_UNDECLARED_SELECTOR = YES;
				GCC_WARN_UNINITIALIZED_AUTOS = YES_AGGRESSIVE;
				GCC_WARN_UNUSED_FUNCTION = YES;
				GCC_WARN_UNUSED_VARIABLE = YES;
				IPHONEOS_DEPLOYMENT_TARGET = 8.3;
				MTL_ENABLE_DEBUG_INFO = YES;
				ONLY_ACTIVE_ARCH = YES;
				SDKROOT = iphoneos;
			};
			name = Debug;
		};
		87794EAF1B5A924B000C78D4 /* Release */ = {
			isa = XCBuildConfiguration;
			buildSettings = {
				ALWAYS_SEARCH_USER_PATHS = NO;
				CLANG_CXX_LANGUAGE_STANDARD = "gnu++0x";
				CLANG_CXX_LIBRARY = "libc++";
				CLANG_ENABLE_MODULES = YES;
				CLANG_ENABLE_OBJC_ARC = YES;
				CLANG_WARN_BOOL_CONVERSION = YES;
				CLANG_WARN_CONSTANT_CONVERSION = YES;
				CLANG_WARN_DIRECT_OBJC_ISA_USAGE = YES_ERROR;
				CLANG_WARN_EMPTY_BODY = YES;
				CLANG_WARN_ENUM_CONVERSION = YES;
				CLANG_WARN_INT_CONVERSION = YES;
				CLANG_WARN_OBJC_ROOT_CLASS = YES_ERROR;
				CLANG_WARN_UNREACHABLE_CODE = YES;
				CLANG_WARN__DUPLICATE_METHOD_MATCH = YES;
				"CODE_SIGN_IDENTITY[sdk=iphoneos*]" = "iPhone Developer";
				COPY_PHASE_STRIP = NO;
				DEBUG_INFORMATION_FORMAT = "dwarf-with-dsym";
				ENABLE_NS_ASSERTIONS = NO;
				ENABLE_STRICT_OBJC_MSGSEND = YES;
				GCC_C_LANGUAGE_STANDARD = gnu99;
				GCC_NO_COMMON_BLOCKS = YES;
				GCC_WARN_64_TO_32_BIT_CONVERSION = YES;
				GCC_WARN_ABOUT_RETURN_TYPE = YES_ERROR;
				GCC_WARN_UNDECLARED_SELECTOR = YES;
				GCC_WARN_UNINITIALIZED_AUTOS = YES_AGGRESSIVE;
				GCC_WARN_UNUSED_FUNCTION = YES;
				GCC_WARN_UNUSED_VARIABLE = YES;
				IPHONEOS_DEPLOYMENT_TARGET = 8.3;
				MTL_ENABLE_DEBUG_INFO = NO;
				SDKROOT = iphoneos;
				VALIDATE_PRODUCT = YES;
			};
			name = Release;
		};
		87794EB11B5A924B000C78D4 /* Debug */ = {
			isa = XCBuildConfiguration;
			buildSettings = {
				ASSETCATALOG_COMPILER_APPICON_NAME = AppIcon;
				INFOPLIST_FILE = Dem4_Pass_Value_Back_2/Info.plist;
				LD_RUNPATH_SEARCH_PATHS = "$(inherited) @executable_path/Frameworks";
				PRODUCT_NAME = "$(TARGET_NAME)";
			};
			name = Debug;
		};
		87794EB21B5A924B000C78D4 /* Release */ = {
			isa = XCBuildConfiguration;
			buildSettings = {
				ASSETCATALOG_COMPILER_APPICON_NAME = AppIcon;
				INFOPLIST_FILE = Dem4_Pass_Value_Back_2/Info.plist;
				LD_RUNPATH_SEARCH_PATHS = "$(inherited) @executable_path/Frameworks";
				PRODUCT_NAME = "$(TARGET_NAME)";
			};
			name = Release;
		};
		87794EB41B5A924B000C78D4 /* Debug */ = {
			isa = XCBuildConfiguration;
			buildSettings = {
				BUNDLE_LOADER = "$(TEST_HOST)";
				FRAMEWORK_SEARCH_PATHS = (
					"$(SDKROOT)/Developer/Library/Frameworks",
					"$(inherited)",
				);
				GCC_PREPROCESSOR_DEFINITIONS = (
					"DEBUG=1",
					"$(inherited)",
				);
				INFOPLIST_FILE = Dem4_Pass_Value_Back_2Tests/Info.plist;
				LD_RUNPATH_SEARCH_PATHS = "$(inherited) @executable_path/Frameworks @loader_path/Frameworks";
				PRODUCT_NAME = "$(TARGET_NAME)";
				TEST_HOST = "$(BUILT_PRODUCTS_DIR)/Dem4_Pass_Value_Back_2.app/Dem4_Pass_Value_Back_2";
			};
			name = Debug;
		};
		87794EB51B5A924B000C78D4 /* Release */ = {
			isa = XCBuildConfiguration;
			buildSettings = {
				BUNDLE_LOADER = "$(TEST_HOST)";
				FRAMEWORK_SEARCH_PATHS = (
					"$(SDKROOT)/Developer/Library/Frameworks",
					"$(inherited)",
				);
				INFOPLIST_FILE = Dem4_Pass_Value_Back_2Tests/Info.plist;
				LD_RUNPATH_SEARCH_PATHS = "$(inherited) @executable_path/Frameworks @loader_path/Frameworks";
				PRODUCT_NAME = "$(TARGET_NAME)";
				TEST_HOST = "$(BUILT_PRODUCTS_DIR)/Dem4_Pass_Value_Back_2.app/Dem4_Pass_Value_Back_2";
			};
			name = Release;
		};
/* End XCBuildConfiguration section */

/* Begin XCConfigurationList section */
		87794E881B5A924A000C78D4 /* Build configuration list for PBXProject "Dem4_Pass_Value_Back_2" */ = {
			isa = XCConfigurationList;
			buildConfigurations = (
				87794EAE1B5A924B000C78D4 /* Debug */,
				87794EAF1B5A924B000C78D4 /* Release */,
			);
			defaultConfigurationIsVisible = 0;
			defaultConfigurationName = Release;
		};
		87794EB01B5A924B000C78D4 /* Build configuration list for PBXNativeTarget "Dem4_Pass_Value_Back_2" */ = {
			isa = XCConfigurationList;
			buildConfigurations = (
				87794EB11B5A924B000C78D4 /* Debug */,
				87794EB21B5A924B000C78D4 /* Release */,
			);
			defaultConfigurationIsVisible = 0;
		};
		87794EB31B5A924B000C78D4 /* Build configuration list for PBXNativeTarget "Dem4_Pass_Value_Back_2Tests" */ = {
			isa = XCConfigurationList;
			buildConfigurations = (
				87794EB41B5A924B000C78D4 /* Debug */,
				87794EB51B5A924B000C78D4 /* Release */,
			);
			defaultConfigurationIsVisible = 0;
		};
/* End XCConfigurationList section */
	};
	rootObject = 87794E851B5A924A000C78D4 /* Project object */;
}
