// !$*UTF8*$!
{
	archiveVersion = 1;
	classes = {
	};
	objectVersion = 46;
	objects = {

/* Begin PBXBuildFile section */
		87EA0E1D1C05B92F00AB07BA /* main.m in Sources */ = {isa = PBXBuildFile; fileRef = 87EA0E1C1C05B92F00AB07BA /* main.m */; };
		87EA0E201C05B92F00AB07BA /* AppDelegate.m in Sources */ = {isa = PBXBuildFile; fileRef = 87EA0E1F1C05B92F00AB07BA /* AppDelegate.m */; };
		87EA0E261C05B92F00AB07BA /* Main.storyboard in Resources */ = {isa = PBXBuildFile; fileRef = 87EA0E241C05B92F00AB07BA /* Main.storyboard */; };
		87EA0E281C05B92F00AB07BA /* Assets.xcassets in Resources */ = {isa = PBXBuildFile; fileRef = 87EA0E271C05B92F00AB07BA /* Assets.xcassets */; };
		87EA0E2B1C05B92F00AB07BA /* LaunchScreen.storyboard in Resources */ = {isa = PBXBuildFile; fileRef = 87EA0E291C05B92F00AB07BA /* LaunchScreen.storyboard */; };
		87EA0E371C05B96B00AB07BA /* B_TableViewController.m in Sources */ = {isa = PBXBuildFile; fileRef = 87EA0E361C05B96B00AB07BA /* B_TableViewController.m */; };
		87EA0E3A1C05B9B800AB07BA /* A_ViewController.m in Sources */ = {isa = PBXBuildFile; fileRef = 87EA0E391C05B9B800AB07BA /* A_ViewController.m */; };
/* End PBXBuildFile section */

/* Begin PBXFileReference section */
		87EA0E181C05B92F00AB07BA /* Block反向传值.app */ = {isa = PBXFileReference; explicitFileType = wrapper.application; includeInIndex = 0; path = "Block反向传值.app"; sourceTree = BUILT_PRODUCTS_DIR; };
		87EA0E1C1C05B92F00AB07BA /* main.m */ = {isa = PBXFileReference; lastKnownFileType = sourcecode.c.objc; path = main.m; sourceTree = "<group>"; };
		87EA0E1E1C05B92F00AB07BA /* AppDelegate.h */ = {isa = PBXFileReference; lastKnownFileType = sourcecode.c.h; path = AppDelegate.h; sourceTree = "<group>"; };
		87EA0E1F1C05B92F00AB07BA /* AppDelegate.m */ = {isa = PBXFileReference; lastKnownFileType = sourcecode.c.objc; path = AppDelegate.m; sourceTree = "<group>"; };
		87EA0E251C05B92F00AB07BA /* Base */ = {isa = PBXFileReference; lastKnownFileType = file.storyboard; name = Base; path = Base.lproj/Main.storyboard; sourceTree = "<group>"; };
		87EA0E271C05B92F00AB07BA /* Assets.xcassets */ = {isa = PBXFileReference; lastKnownFileType = folder.assetcatalog; path = Assets.xcassets; sourceTree = "<group>"; };
		87EA0E2A1C05B92F00AB07BA /* Base */ = {isa = PBXFileReference; lastKnownFileType = file.storyboard; name = Base; path = Base.lproj/LaunchScreen.storyboard; sourceTree = "<group>"; };
		87EA0E2C1C05B92F00AB07BA /* Info.plist */ = {isa = PBXFileReference; lastKnownFileType = text.plist.xml; path = Info.plist; sourceTree = "<group>"; };
		87EA0E351C05B96B00AB07BA /* B_TableViewController.h */ = {isa = PBXFileReference; fileEncoding = 4; lastKnownFileType = sourcecode.c.h; path = B_TableViewController.h; sourceTree = "<group>"; };
		87EA0E361C05B96B00AB07BA /* B_TableViewController.m */ = {isa = PBXFileReference; fileEncoding = 4; lastKnownFileType = sourcecode.c.objc; path = B_TableViewController.m; sourceTree = "<group>"; };
		87EA0E381C05B9B800AB07BA /* A_ViewController.h */ = {isa = PBXFileReference; fileEncoding = 4; lastKnownFileType = sourcecode.c.h; path = A_ViewController.h; sourceTree = "<group>"; };
		87EA0E391C05B9B800AB07BA /* A_ViewController.m */ = {isa = PBXFileReference; fileEncoding = 4; lastKnownFileType = sourcecode.c.objc; path = A_ViewController.m; sourceTree = "<group>"; };
/* End PBXFileReference section */

/* Begin PBXFrameworksBuildPhase section */
		87EA0E151C05B92F00AB07BA /* Frameworks */ = {
			isa = PBXFrameworksBuildPhase;
			buildActionMask = 2147483647;
			files = (
			);
			runOnlyForDeploymentPostprocessing = 0;
		};
/* End PBXFrameworksBuildPhase section */

/* Begin PBXGroup section */
		87EA0E0F1C05B92F00AB07BA = {
			isa = PBXGroup;
			children = (
				87EA0E1A1C05B92F00AB07BA /* Block反向传值 */,
				87EA0E191C05B92F00AB07BA /* Products */,
			);
			sourceTree = "<group>";
		};
		87EA0E191C05B92F00AB07BA /* Products */ = {
			isa = PBXGroup;
			children = (
				87EA0E181C05B92F00AB07BA /* Block反向传值.app */,
			);
			name = Products;
			sourceTree = "<group>";
		};
		87EA0E1A1C05B92F00AB07BA /* Block反向传值 */ = {
			isa = PBXGroup;
			children = (
				87EA0E1E1C05B92F00AB07BA /* AppDelegate.h */,
				87EA0E1F1C05B92F00AB07BA /* AppDelegate.m */,
				87EA0E381C05B9B800AB07BA /* A_ViewController.h */,
				87EA0E391C05B9B800AB07BA /* A_ViewController.m */,
				87EA0E351C05B96B00AB07BA /* B_TableViewController.h */,
				87EA0E361C05B96B00AB07BA /* B_TableViewController.m */,
				87EA0E241C05B92F00AB07BA /* Main.storyboard */,
				87EA0E271C05B92F00AB07BA /* Assets.xcassets */,
				87EA0E291C05B92F00AB07BA /* LaunchScreen.storyboard */,
				87EA0E2C1C05B92F00AB07BA /* Info.plist */,
				87EA0E1B1C05B92F00AB07BA /* Supporting Files */,
			);
			path = "Block反向传值";
			sourceTree = "<group>";
		};
		87EA0E1B1C05B92F00AB07BA /* Supporting Files */ = {
			isa = PBXGroup;
			children = (
				87EA0E1C1C05B92F00AB07BA /* main.m */,
			);
			name = "Supporting Files";
			sourceTree = "<group>";
		};
/* End PBXGroup section */

/* Begin PBXNativeTarget section */
		87EA0E171C05B92F00AB07BA /* Block反向传值 */ = {
			isa = PBXNativeTarget;
			buildConfigurationList = 87EA0E2F1C05B92F00AB07BA /* Build configuration list for PBXNativeTarget "Block反向传值" */;
			buildPhases = (
				87EA0E141C05B92F00AB07BA /* Sources */,
				87EA0E151C05B92F00AB07BA /* Frameworks */,
				87EA0E161C05B92F00AB07BA /* Resources */,
			);
			buildRules = (
			);
			dependencies = (
			);
			name = "Block反向传值";
			productName = "Block反向传值";
			productReference = 87EA0E181C05B92F00AB07BA /* Block反向传值.app */;
			productType = "com.apple.product-type.application";
		};
/* End PBXNativeTarget section */

/* Begin PBXProject section */
		87EA0E101C05B92F00AB07BA /* Project object */ = {
			isa = PBXProject;
			attributes = {
				LastUpgradeCheck = 0710;
				ORGANIZATIONNAME = LaiYong;
				TargetAttributes = {
					87EA0E171C05B92F00AB07BA = {
						CreatedOnToolsVersion = 7.1.1;
						DevelopmentTeam = 93YJBVG839;
					};
				};
			};
			buildConfigurationList = 87EA0E131C05B92F00AB07BA /* Build configuration list for PBXProject "Block反向传值" */;
			compatibilityVersion = "Xcode 3.2";
			developmentRegion = English;
			hasScannedForEncodings = 0;
			knownRegions = (
				en,
				Base,
			);
			mainGroup = 87EA0E0F1C05B92F00AB07BA;
			productRefGroup = 87EA0E191C05B92F00AB07BA /* Products */;
			projectDirPath = "";
			projectRoot = "";
			targets = (
				87EA0E171C05B92F00AB07BA /* Block反向传值 */,
			);
		};
/* End PBXProject section */

/* Begin PBXResourcesBuildPhase section */
		87EA0E161C05B92F00AB07BA /* Resources */ = {
			isa = PBXResourcesBuildPhase;
			buildActionMask = 2147483647;
			files = (
				87EA0E2B1C05B92F00AB07BA /* LaunchScreen.storyboard in Resources */,
				87EA0E281C05B92F00AB07BA /* Assets.xcassets in Resources */,
				87EA0E261C05B92F00AB07BA /* Main.storyboard in Resources */,
			);
			runOnlyForDeploymentPostprocessing = 0;
		};
/* End PBXResourcesBuildPhase section */

/* Begin PBXSourcesBuildPhase section */
		87EA0E141C05B92F00AB07BA /* Sources */ = {
			isa = PBXSourcesBuildPhase;
			buildActionMask = 2147483647;
			files = (
				87EA0E3A1C05B9B800AB07BA /* A_ViewController.m in Sources */,
				87EA0E201C05B92F00AB07BA /* AppDelegate.m in Sources */,
				87EA0E371C05B96B00AB07BA /* B_TableViewController.m in Sources */,
				87EA0E1D1C05B92F00AB07BA /* main.m in Sources */,
			);
			runOnlyForDeploymentPostprocessing = 0;
		};
/* End PBXSourcesBuildPhase section */

/* Begin PBXVariantGroup section */
		87EA0E241C05B92F00AB07BA /* Main.storyboard */ = {
			isa = PBXVariantGroup;
			children = (
				87EA0E251C05B92F00AB07BA /* Base */,
			);
			name = Main.storyboard;
			sourceTree = "<group>";
		};
		87EA0E291C05B92F00AB07BA /* LaunchScreen.storyboard */ = {
			isa = PBXVariantGroup;
			children = (
				87EA0E2A1C05B92F00AB07BA /* Base */,
			);
			name = LaunchScreen.storyboard;
			sourceTree = "<group>";
		};
/* End PBXVariantGroup section */

/* Begin XCBuildConfiguration section */
		87EA0E2D1C05B92F00AB07BA /* Debug */ = {
			isa = XCBuildConfiguration;
			buildSettings = {
				ALWAYS_SEARCH_USER_PATHS = NO;
				CLANG_CXX_LANGUAGE_STANDARD = "gnu++0x";
				CLANG_CXX_LIBRARY = "libc++";
				CLANG_ENABLE_MODULES = YES;
				CLANG_ENABLE_OBJC_ARC = YES;
				CLANG_WARN_BOOL_CONVERSION = YES;
				CLANG_WARN_CONSTANT_CONVERSION = YES;
				CLANG_WARN_DIRECT_OBJC_ISA_USAGE = YES_ERROR;
				CLANG_WARN_EMPTY_BODY = YES;
				CLANG_WARN_ENUM_CONVERSION = YES;
				CLANG_WARN_INT_CONVERSION = YES;
				CLANG_WARN_OBJC_ROOT_CLASS = YES_ERROR;
				CLANG_WARN_UNREACHABLE_CODE = YES;
				CLANG_WARN__DUPLICATE_METHOD_MATCH = YES;
				"CODE_SIGN_IDENTITY[sdk=iphoneos*]" = "iPhone Developer";
				COPY_PHASE_STRIP = NO;
				DEBUG_INFORMATION_FORMAT = dwarf;
				ENABLE_STRICT_OBJC_MSGSEND = YES;
				ENABLE_TESTABILITY = YES;
				GCC_C_LANGUAGE_STANDARD = gnu99;
				GCC_DYNAMIC_NO_PIC = NO;
				GCC_NO_COMMON_BLOCKS = YES;
				GCC_OPTIMIZATION_LEVEL = 0;
				GCC_PREPROCESSOR_DEFINITIONS = (
					"DEBUG=1",
					"$(inherited)",
				);
				GCC_WARN_64_TO_32_BIT_CONVERSION = YES;
				GCC_WARN_ABOUT_RETURN_TYPE = YES_ERROR;
				GCC_WARN_UNDECLARED_SELECTOR = YES;
				GCC_WARN_UNINITIALIZED_AUTOS = YES_AGGRESSIVE;
				GCC_WARN_UNUSED_FUNCTION = YES;
				GCC_WARN_UNUSED_VARIABLE = YES;
				IPHONEOS_DEPLOYMENT_TARGET = 9.1;
				MTL_ENABLE_DEBUG_INFO = YES;
				ONLY_ACTIVE_ARCH = YES;
				SDKROOT = iphoneos;
			};
			name = Debug;
		};
		87EA0E2E1C05B92F00AB07BA /* Release */ = {
			isa = XCBuildConfiguration;
			buildSettings = {
				ALWAYS_SEARCH_USER_PATHS = NO;
				CLANG_CXX_LANGUAGE_STANDARD = "gnu++0x";
				CLANG_CXX_LIBRARY = "libc++";
				CLANG_ENABLE_MODULES = YES;
				CLANG_ENABLE_OBJC_ARC = YES;
				CLANG_WARN_BOOL_CONVERSION = YES;
				CLANG_WARN_CONSTANT_CONVERSION = YES;
				CLANG_WARN_DIRECT_OBJC_ISA_USAGE = YES_ERROR;
				CLANG_WARN_EMPTY_BODY = YES;
				CLANG_WARN_ENUM_CONVERSION = YES;
				CLANG_WARN_INT_CONVERSION = YES;
				CLANG_WARN_OBJC_ROOT_CLASS = YES_ERROR;
				CLANG_WARN_UNREACHABLE_CODE = YES;
				CLANG_WARN__DUPLICATE_METHOD_MATCH = YES;
				"CODE_SIGN_IDENTITY[sdk=iphoneos*]" = "iPhone Developer";
				COPY_PHASE_STRIP = NO;
				DEBUG_INFORMATION_FORMAT = "dwarf-with-dsym";
				ENABLE_NS_ASSERTIONS = NO;
				ENABLE_STRICT_OBJC_MSGSEND = YES;
				GCC_C_LANGUAGE_STANDARD = gnu99;
				GCC_NO_COMMON_BLOCKS = YES;
				GCC_WARN_64_TO_32_BIT_CONVERSION = YES;
				GCC_WARN_ABOUT_RETURN_TYPE = YES_ERROR;
				GCC_WARN_UNDECLARED_SELECTOR = YES;
				GCC_WARN_UNINITIALIZED_AUTOS = YES_AGGRESSIVE;
				GCC_WARN_UNUSED_FUNCTION = YES;
				GCC_WARN_UNUSED_VARIABLE = YES;
				IPHONEOS_DEPLOYMENT_TARGET = 9.1;
				MTL_ENABLE_DEBUG_INFO = NO;
				SDKROOT = iphoneos;
				VALIDATE_PRODUCT = YES;
			};
			name = Release;
		};
		87EA0E301C05B92F00AB07BA /* Debug */ = {
			isa = XCBuildConfiguration;
			buildSettings = {
				ASSETCATALOG_COMPILER_APPICON_NAME = AppIcon;
				INFOPLIST_FILE = "Block反向传值/Info.plist";
				LD_RUNPATH_SEARCH_PATHS = "$(inherited) @executable_path/Frameworks";
				PRODUCT_BUNDLE_IDENTIFIER = "com.LaiYong.Block----";
				PRODUCT_NAME = "$(TARGET_NAME)";
			};
			name = Debug;
		};
		87EA0E311C05B92F00AB07BA /* Release */ = {
			isa = XCBuildConfiguration;
			buildSettings = {
				ASSETCATALOG_COMPILER_APPICON_NAME = AppIcon;
				INFOPLIST_FILE = "Block反向传值/Info.plist";
				LD_RUNPATH_SEARCH_PATHS = "$(inherited) @executable_path/Frameworks";
				PRODUCT_BUNDLE_IDENTIFIER = "com.LaiYong.Block----";
				PRODUCT_NAME = "$(TARGET_NAME)";
			};
			name = Release;
		};
/* End XCBuildConfiguration section */

/* Begin XCConfigurationList section */
		87EA0E131C05B92F00AB07BA /* Build configuration list for PBXProject "Block反向传值" */ = {
			isa = XCConfigurationList;
			buildConfigurations = (
				87EA0E2D1C05B92F00AB07BA /* Debug */,
				87EA0E2E1C05B92F00AB07BA /* Release */,
			);
			defaultConfigurationIsVisible = 0;
			defaultConfigurationName = Release;
		};
		87EA0E2F1C05B92F00AB07BA /* Build configuration list for PBXNativeTarget "Block反向传值" */ = {
			isa = XCConfigurationList;
			buildConfigurations = (
				87EA0E301C05B92F00AB07BA /* Debug */,
				87EA0E311C05B92F00AB07BA /* Release */,
			);
			defaultConfigurationIsVisible = 0;
		};
/* End XCConfigurationList section */
	};
	rootObject = 87EA0E101C05B92F00AB07BA /* Project object */;
}
